PODS:
  - Alamofire (4.7.0)
  - CoreStore (4.2.4)
  - KeychainSwift (10.0.0)
  - Mobile-Buy-SDK (3.1.3)
  - Nimble (7.0.3)
  - OHHTTPStubs/Core (6.1.0)
  - OHHTTPStubs/Default (6.1.0):
    - OHHTTPStubs/Core
    - OHHTTPStubs/JSON
    - OHHTTPStubs/NSURLSession
    - OHHTTPStubs/OHPathHelpers
  - OHHTTPStubs/JSON (6.1.0):
    - OHHTTPStubs/Core
  - OHHTTPStubs/NSURLSession (6.1.0):
    - OHHTTPStubs/Core
  - OHHTTPStubs/OHPathHelpers (6.1.0)
  - OHHTTPStubs/Swift (6.1.0):
    - OHHTTPStubs/Default
  - Quick (1.2.0)
  - ShopApp_Gateway (1.0.4)

DEPENDENCIES:
  - Alamofire (~> 4.5)
  - CoreStore (~> 4.2)
  - KeychainSwift (~> 10.0)
  - Mobile-Buy-SDK (~> 3.1)
  - Nimble (~> 7.0)
  - OHHTTPStubs/Swift (~> 6.1)
  - Quick (~> 1.2)
  - ShopApp_Gateway (from `https://github.com/rubygarage/shopapp-ios.git`, branch `develop`)

SPEC REPOS:
  https://github.com/cocoapods/specs.git:
    - Alamofire
    - CoreStore
    - KeychainSwift
    - Mobile-Buy-SDK
    - Nimble
    - OHHTTPStubs
    - Quick

EXTERNAL SOURCES:
  ShopApp_Gateway:
    :branch: develop
    :git: https://github.com/rubygarage/shopapp-ios.git

CHECKOUT OPTIONS:
  ShopApp_Gateway:
    :commit: 9e77fb0838a986f7c4252e3100bf6f4618c8559a
    :git: https://github.com/rubygarage/shopapp-ios.git

SPEC CHECKSUMS:
  Alamofire: 907e0a98eb68cdb7f9d1f541a563d6ac5dc77b25
  CoreStore: 1b8a116d9e3f3e0e0be588b57bc4a7dbb5adf3d5
  KeychainSwift: f9f7910449a0c0fd2cabc889121530dd2c477c33
  Mobile-Buy-SDK: b13db0864c8ca04379746b77e56a93ad5d4028b3
  Nimble: 7f5a9c447a33002645a071bddafbfb24ea70e0ac
  OHHTTPStubs: 1e21c7d2c084b8153fc53d48400d8919d2d432d0
  Quick: 58d203b1c5e27fff7229c4c1ae445ad7069a7a08
  ShopApp_Gateway: 569309658b5b9f5095275beeff6e84b149db41f9

PODFILE CHECKSUM: 3faf12d77bffa7762d58d164f7323988a6b7bc64

COCOAPODS: 1.5.3
