PODS:
  - Alamofire (4.8.2)
  - KeychainSwift (14.0.0)
  - Mobile-Buy-SDK (3.1.5)
  - Nimble (8.0.1)
  - OHHTTPStubs/Core (7.0.0)
  - OHHTTPStubs/Default (7.0.0):
    - OHHTTPStubs/Core
    - OHHTTPStubs/JSON
    - OHHTTPStubs/NSURLSession
    - OHHTTPStubs/OHPathHelpers
  - OHHTTPStubs/JSON (7.0.0):
    - OHHTTPStubs/Core
  - OHHTTPStubs/NSURLSession (7.0.0):
    - OHHTTPStubs/Core
  - OHHTTPStubs/OHPathHelpers (7.0.0)
  - OHHTTPStubs/Swift (7.0.0):
    - OHHTTPStubs/Default
  - Quick (2.0.0)
  - ShopApp_Gateway (1.0.5)

DEPENDENCIES:
  - Alamofire (~> 4.8)
  - KeychainSwift (~> 14.0)
  - Mobile-Buy-SDK (= 3.1.5)
  - Nimble (~> 8.0)
  - OHHTTPStubs/Swift (~> 7.0)
  - Quick (~> 2.0)
  - ShopApp_Gateway (~> 1.0.5)

SPEC REPOS:
  https://github.com/cocoapods/specs.git:
    - Alamofire
    - KeychainSwift
    - Mobile-Buy-SDK
    - Nimble
    - OHHTTPStubs
    - Quick
    - ShopApp_Gateway

SPEC CHECKSUMS:
  Alamofire: ae5c501addb7afdbb13687d7f2f722c78734c2d3
  KeychainSwift: d3cce449feb5198907aa3c50ae7409fdbd9d3e20
  Mobile-Buy-SDK: ea84d7635b110fddffe37a445c020fc0c5e5a8d3
  Nimble: 45f786ae66faa9a709624227fae502db55a8bdd0
  OHHTTPStubs: ef33a2c353110d306bb98f695435ec56ff5a26c3
  Quick: ce1276c7c27ba2da3cb2fd0cde053c3648b3b22d
  ShopApp_Gateway: af5f6d34387b8db991ad2761897d8c89436f4715

PODFILE CHECKSUM: 4578b7cdd63a95b8574abc1182ac99785bb1b839

COCOAPODS: 1.7.0.beta.3
